
Microsoft Visual Studio Solution File, Format Version 12.00
# Visual Studio Version 17
VisualStudioVersion = 17.7.34031.279
MinimumVisualStudioVersion = 10.0.40219.1
Project("{8BC9CEB8-8B4A-11D0-8D11-00A0C91BC942}") = "ChessGame", "ChessGame\ChessGame.vcxproj", "{7C92A57A-B1B9-43EA-A530-48875EF0EB10}"
EndProject
Project("{8BC9CEB8-8B4A-11D0-8D11-00A0C91BC942}") = "SFMLmanager", "SFMLmanager\SFMLmanager.vcxproj", "{D07CD8A1-2463-4C23-9A70-51B79E89596B}"
EndProject
Global
	GlobalSection(SolutionConfigurationPlatforms) = preSolution
		Debug|x64 = Debug|x64
		Debug|x86 = Debug|x86
		Release|x64 = Release|x64
		Release|x86 = Release|x86
	EndGlobalSection
	GlobalSection(ProjectConfigurationPlatforms) = postSolution
		{7C92A57A-B1B9-43EA-A530-48875EF0EB10}.Debug|x64.ActiveCfg = Debug|x64
		{7C92A57A-B1B9-43EA-A530-48875EF0EB10}.Debug|x64.Build.0 = Debug|x64
		{7C92A57A-B1B9-43EA-A530-48875EF0EB10}.Debug|x86.ActiveCfg = Debug|Win32
		{7C92A57A-B1B9-43EA-A530-48875EF0EB10}.Debug|x86.Build.0 = Debug|Win32
		{7C92A57A-B1B9-43EA-A530-48875EF0EB10}.Release|x64.ActiveCfg = Release|x64
		{7C92A57A-B1B9-43EA-A530-48875EF0EB10}.Release|x64.Build.0 = Release|x64
		{7C92A57A-B1B9-43EA-A530-48875EF0EB10}.Release|x86.ActiveCfg = Release|Win32
		{7C92A57A-B1B9-43EA-A530-48875EF0EB10}.Release|x86.Build.0 = Release|Win32
		{D07CD8A1-2463-4C23-9A70-51B79E89596B}.Debug|x64.ActiveCfg = Debug|x64
		{D07CD8A1-2463-4C23-9A70-51B79E89596B}.Debug|x64.Build.0 = Debug|x64
		{D07CD8A1-2463-4C23-9A70-51B79E89596B}.Debug|x86.ActiveCfg = Debug|Win32
		{D07CD8A1-2463-4C23-9A70-51B79E89596B}.Debug|x86.Build.0 = Debug|Win32
		{D07CD8A1-2463-4C23-9A70-51B79E89596B}.Release|x64.ActiveCfg = Release|x64
		{D07CD8A1-2463-4C23-9A70-51B79E89596B}.Release|x64.Build.0 = Release|x64
		{D07CD8A1-2463-4C23-9A70-51B79E89596B}.Release|x86.ActiveCfg = Release|Win32
		{D07CD8A1-2463-4C23-9A70-51B79E89596B}.Release|x86.Build.0 = Release|Win32
	EndGlobalSection
	GlobalSection(SolutionProperties) = preSolution
		HideSolutionNode = FALSE
	EndGlobalSection
	GlobalSection(ExtensibilityGlobals) = postSolution
		SolutionGuid = {674C1982-982F-4E3F-A9FD-F78F86054B08}
	EndGlobalSection
EndGlobal
